
Microsoft Visual Studio Solution File, Format Version 12.00
# Visual Studio Version 16
VisualStudioVersion = 16.0.31729.503
MinimumVisualStudioVersion = 10.0.40219.1
Project("{9A19103F-16F7-4668-BE54-9A1E7A4F7556}") = "TestWork", "TestWork\TestWork.csproj", "{5A2C0C6A-25BD-4F2E-9C97-7D7910A1D37B}"
EndProject
Project("{9A19103F-16F7-4668-BE54-9A1E7A4F7556}") = "TestWork.Library", "TestWorkLibrary\TestWork.Library.csproj", "{2500FAC1-057E-4801-82C9-C789B2DFB3EA}"
EndProject
Global
	GlobalSection(SolutionConfigurationPlatforms) = preSolution
		Debug|Any CPU = Debug|Any CPU
		Release|Any CPU = Release|Any CPU
	EndGlobalSection
	GlobalSection(ProjectConfigurationPlatforms) = postSolution
		{5A2C0C6A-25BD-4F2E-9C97-7D7910A1D37B}.Debug|Any CPU.ActiveCfg = Debug|Any CPU
		{5A2C0C6A-25BD-4F2E-9C97-7D7910A1D37B}.Debug|Any CPU.Build.0 = Debug|Any CPU
		{5A2C0C6A-25BD-4F2E-9C97-7D7910A1D37B}.Release|Any CPU.ActiveCfg = Release|Any CPU
		{5A2C0C6A-25BD-4F2E-9C97-7D7910A1D37B}.Release|Any CPU.Build.0 = Release|Any CPU
		{2500FAC1-057E-4801-82C9-C789B2DFB3EA}.Debug|Any CPU.ActiveCfg = Debug|Any CPU
		{2500FAC1-057E-4801-82C9-C789B2DFB3EA}.Debug|Any CPU.Build.0 = Debug|Any CPU
		{2500FAC1-057E-4801-82C9-C789B2DFB3EA}.Release|Any CPU.ActiveCfg = Release|Any CPU
		{2500FAC1-057E-4801-82C9-C789B2DFB3EA}.Release|Any CPU.Build.0 = Release|Any CPU
	EndGlobalSection
	GlobalSection(SolutionProperties) = preSolution
		HideSolutionNode = FALSE
	EndGlobalSection
	GlobalSection(ExtensibilityGlobals) = postSolution
		SolutionGuid = {E7D8EAD2-734E-41B6-848D-2CA8DD4ADB0A}
	EndGlobalSection
EndGlobal
